
Microsoft Visual Studio Solution File, Format Version 12.00
# Visual Studio Version 17
VisualStudioVersion = 17.8.34408.163
MinimumVisualStudioVersion = 10.0.40219.1
Project("{FAE04EC0-301F-11D3-BF4B-00C04F79EFBC}") = "CSC 455 As. 2", "CSC 455 As. 2\CSC 455 As. 2.csproj", "{A5C77943-6C08-460D-97BC-98BCDDB0C343}"
EndProject
Project("{FAE04EC0-301F-11D3-BF4B-00C04F79EFBC}") = "CSC 455 As. 2Tests", "CSC 455 As. 2Tests\CSC 455 As. 2Tests.csproj", "{41BEA09D-1F22-45F3-8476-E0ADD880E38B}"
EndProject
Global
	GlobalSection(SolutionConfigurationPlatforms) = preSolution
		Debug|Any CPU = Debug|Any CPU
		Release|Any CPU = Release|Any CPU
	EndGlobalSection
	GlobalSection(ProjectConfigurationPlatforms) = postSolution
		{A5C77943-6C08-460D-97BC-98BCDDB0C343}.Debug|Any CPU.ActiveCfg = Debug|Any CPU
		{A5C77943-6C08-460D-97BC-98BCDDB0C343}.Debug|Any CPU.Build.0 = Debug|Any CPU
		{A5C77943-6C08-460D-97BC-98BCDDB0C343}.Release|Any CPU.ActiveCfg = Release|Any CPU
		{A5C77943-6C08-460D-97BC-98BCDDB0C343}.Release|Any CPU.Build.0 = Release|Any CPU
		{41BEA09D-1F22-45F3-8476-E0ADD880E38B}.Debug|Any CPU.ActiveCfg = Debug|Any CPU
		{41BEA09D-1F22-45F3-8476-E0ADD880E38B}.Debug|Any CPU.Build.0 = Debug|Any CPU
		{41BEA09D-1F22-45F3-8476-E0ADD880E38B}.Release|Any CPU.ActiveCfg = Release|Any CPU
		{41BEA09D-1F22-45F3-8476-E0ADD880E38B}.Release|Any CPU.Build.0 = Release|Any CPU
	EndGlobalSection
	GlobalSection(SolutionProperties) = preSolution
		HideSolutionNode = FALSE
	EndGlobalSection
	GlobalSection(ExtensibilityGlobals) = postSolution
		SolutionGuid = {9FD12A27-45B0-4EE7-A34F-1290DA36A0D2}
	EndGlobalSection
EndGlobal
